
Microsoft Visual Studio Solution File, Format Version 12.00
# Visual Studio Version 17
VisualStudioVersion = 17.8.34330.188
MinimumVisualStudioVersion = 10.0.40219.1
Project("{9A19103F-16F7-4668-BE54-9A1E7A4F7556}") = "Web2API", "Web2API\Web2API.csproj", "{99CC035F-1DB1-4F2C-A163-74E3E8E9BA1E}"
EndProject
Project("{FAE04EC0-301F-11D3-BF4B-00C04F79EFBC}") = "MVC", "MVC\MVC.csproj", "{C9835878-336C-4C94-9661-743F27F050DB}"
EndProject
Global
	GlobalSection(SolutionConfigurationPlatforms) = preSolution
		Debug|Any CPU = Debug|Any CPU
		Release|Any CPU = Release|Any CPU
	EndGlobalSection
	GlobalSection(ProjectConfigurationPlatforms) = postSolution
		{99CC035F-1DB1-4F2C-A163-74E3E8E9BA1E}.Debug|Any CPU.ActiveCfg = Debug|Any CPU
		{99CC035F-1DB1-4F2C-A163-74E3E8E9BA1E}.Debug|Any CPU.Build.0 = Debug|Any CPU
		{99CC035F-1DB1-4F2C-A163-74E3E8E9BA1E}.Release|Any CPU.ActiveCfg = Release|Any CPU
		{99CC035F-1DB1-4F2C-A163-74E3E8E9BA1E}.Release|Any CPU.Build.0 = Release|Any CPU
		{C9835878-336C-4C94-9661-743F27F050DB}.Debug|Any CPU.ActiveCfg = Debug|Any CPU
		{C9835878-336C-4C94-9661-743F27F050DB}.Debug|Any CPU.Build.0 = Debug|Any CPU
		{C9835878-336C-4C94-9661-743F27F050DB}.Release|Any CPU.ActiveCfg = Release|Any CPU
		{C9835878-336C-4C94-9661-743F27F050DB}.Release|Any CPU.Build.0 = Release|Any CPU
	EndGlobalSection
	GlobalSection(SolutionProperties) = preSolution
		HideSolutionNode = FALSE
	EndGlobalSection
	GlobalSection(ExtensibilityGlobals) = postSolution
		SolutionGuid = {8F61B0F8-0180-4712-9B59-02C6D0474D58}
	EndGlobalSection
EndGlobal
